
Microsoft Visual Studio Solution File, Format Version 12.00
# Visual Studio Version 17
VisualStudioVersion = 17.11.35312.102
MinimumVisualStudioVersion = 10.0.40219.1
Project("{FAE04EC0-301F-11D3-BF4B-00C04F79EFBC}") = "LogistTr", "LogistTr\LogistTr.csproj", "{4AFEE3F9-2216-40F2-9E35-42255C9D8A5A}"
EndProject
Global
	GlobalSection(SolutionConfigurationPlatforms) = preSolution
		Debug|Any CPU = Debug|Any CPU
		Release|Any CPU = Release|Any CPU
	EndGlobalSection
	GlobalSection(ProjectConfigurationPlatforms) = postSolution
		{4AFEE3F9-2216-40F2-9E35-42255C9D8A5A}.Debug|Any CPU.ActiveCfg = Debug|Any CPU
		{4AFEE3F9-2216-40F2-9E35-42255C9D8A5A}.Debug|Any CPU.Build.0 = Debug|Any CPU
		{4AFEE3F9-2216-40F2-9E35-42255C9D8A5A}.Release|Any CPU.ActiveCfg = Release|Any CPU
		{4AFEE3F9-2216-40F2-9E35-42255C9D8A5A}.Release|Any CPU.Build.0 = Release|Any CPU
	EndGlobalSection
	GlobalSection(SolutionProperties) = preSolution
		HideSolutionNode = FALSE
	EndGlobalSection
	GlobalSection(ExtensibilityGlobals) = postSolution
		SolutionGuid = {6B1A256B-01F4-42E2-A7AC-48EEC4E3736F}
	EndGlobalSection
EndGlobal
