
Microsoft Visual Studio Solution File, Format Version 12.00
# Visual Studio Version 17
VisualStudioVersion = 17.8.34408.163
MinimumVisualStudioVersion = 10.0.40219.1
Project("{8BC9CEB8-8B4A-11D0-8D11-00A0C91BC942}") = "сls", "сls\сls.vcxproj", "{F133FFB4-2BA6-434A-8E04-E427DDA98297}"
EndProject
Global
	GlobalSection(SolutionConfigurationPlatforms) = preSolution
		Debug|x64 = Debug|x64
		Debug|x86 = Debug|x86
		Release|x64 = Release|x64
		Release|x86 = Release|x86
	EndGlobalSection
	GlobalSection(ProjectConfigurationPlatforms) = postSolution
		{F133FFB4-2BA6-434A-8E04-E427DDA98297}.Debug|x64.ActiveCfg = Debug|x64
		{F133FFB4-2BA6-434A-8E04-E427DDA98297}.Debug|x64.Build.0 = Debug|x64
		{F133FFB4-2BA6-434A-8E04-E427DDA98297}.Debug|x86.ActiveCfg = Debug|Win32
		{F133FFB4-2BA6-434A-8E04-E427DDA98297}.Debug|x86.Build.0 = Debug|Win32
		{F133FFB4-2BA6-434A-8E04-E427DDA98297}.Release|x64.ActiveCfg = Release|x64
		{F133FFB4-2BA6-434A-8E04-E427DDA98297}.Release|x64.Build.0 = Release|x64
		{F133FFB4-2BA6-434A-8E04-E427DDA98297}.Release|x86.ActiveCfg = Release|Win32
		{F133FFB4-2BA6-434A-8E04-E427DDA98297}.Release|x86.Build.0 = Release|Win32
	EndGlobalSection
	GlobalSection(SolutionProperties) = preSolution
		HideSolutionNode = FALSE
	EndGlobalSection
	GlobalSection(ExtensibilityGlobals) = postSolution
		SolutionGuid = {0243A2FB-394A-4049-8168-BCFB686CF28C}
	EndGlobalSection
EndGlobal
